
Microsoft Visual Studio Solution File, Format Version 12.00
# Visual Studio 15
VisualStudioVersion = 15.0.28307.329
MinimumVisualStudioVersion = 10.0.40219.1
Project("{FAE04EC0-301F-11D3-BF4B-00C04F79EFBC}") = "Insur17", "Insur17\Insur17.csproj", "{31032C9C-A0BB-4566-8F2B-9B942CE269E7}"
EndProject
Global
	GlobalSection(SolutionConfigurationPlatforms) = preSolution
		Debug|Any CPU = Debug|Any CPU
		Release|Any CPU = Release|Any CPU
	EndGlobalSection
	GlobalSection(ProjectConfigurationPlatforms) = postSolution
		{31032C9C-A0BB-4566-8F2B-9B942CE269E7}.Debug|Any CPU.ActiveCfg = Debug|Any CPU
		{31032C9C-A0BB-4566-8F2B-9B942CE269E7}.Debug|Any CPU.Build.0 = Debug|Any CPU
		{31032C9C-A0BB-4566-8F2B-9B942CE269E7}.Release|Any CPU.ActiveCfg = Release|Any CPU
		{31032C9C-A0BB-4566-8F2B-9B942CE269E7}.Release|Any CPU.Build.0 = Release|Any CPU
	EndGlobalSection
	GlobalSection(SolutionProperties) = preSolution
		HideSolutionNode = FALSE
	EndGlobalSection
	GlobalSection(ExtensibilityGlobals) = postSolution
		SolutionGuid = {D87E1322-7BFB-496E-8008-8003552C4D4A}
	EndGlobalSection
EndGlobal
